// !$*UTF8*$!
{
	archiveVersion = 1;
	classes = {
	};
	objectVersion = 50;
	objects = {

/* Begin PBXBuildFile section */
		E277241223DBAB5A0027C8BF /* AppDelegate.swift in Sources */ = {isa = PBXBuildFile; fileRef = E277241123DBAB5A0027C8BF /* AppDelegate.swift */; };
		E277241423DBAB5A0027C8BF /* SceneDelegate.swift in Sources */ = {isa = PBXBuildFile; fileRef = E277241323DBAB5A0027C8BF /* SceneDelegate.swift */; };
		E277241623DBAB5A0027C8BF /* ViewController.swift in Sources */ = {isa = PBXBuildFile; fileRef = E277241523DBAB5A0027C8BF /* ViewController.swift */; };
		E277241E23DBAB5C0027C8BF /* Assets.xcassets in Resources */ = {isa = PBXBuildFile; fileRef = E277241D23DBAB5C0027C8BF /* Assets.xcassets */; };
		E277242923DBB2320027C8BF /* productsTableViewController.swift in Sources */ = {isa = PBXBuildFile; fileRef = E277242823DBB2320027C8BF /* productsTableViewController.swift */; };
		E277242B23DBB3380027C8BF /* products.swift in Sources */ = {isa = PBXBuildFile; fileRef = E277242A23DBB3380027C8BF /* products.swift */; };
		E277242D23DBBBC00027C8BF /* Main.storyboard in Resources */ = {isa = PBXBuildFile; fileRef = E277242C23DBBBC00027C8BF /* Main.storyboard */; };
		E277242F23DBC45E0027C8BF /* LaunchScreen.storyboard in Resources */ = {isa = PBXBuildFile; fileRef = E277242E23DBC45E0027C8BF /* LaunchScreen.storyboard */; };
		E277243523DBC8FF0027C8BF /* ProductManager.xcdatamodeld in Sources */ = {isa = PBXBuildFile; fileRef = E277243323DBC8FF0027C8BF /* ProductManager.xcdatamodeld */; };
/* End PBXBuildFile section */

/* Begin PBXFileReference section */
		E277240E23DBAB5A0027C8BF /* ProductManager.app */ = {isa = PBXFileReference; explicitFileType = wrapper.application; includeInIndex = 0; path = ProductManager.app; sourceTree = BUILT_PRODUCTS_DIR; };
		E277241123DBAB5A0027C8BF /* AppDelegate.swift */ = {isa = PBXFileReference; lastKnownFileType = sourcecode.swift; path = AppDelegate.swift; sourceTree = "<group>"; };
		E277241323DBAB5A0027C8BF /* SceneDelegate.swift */ = {isa = PBXFileReference; lastKnownFileType = sourcecode.swift; path = SceneDelegate.swift; sourceTree = "<group>"; };
		E277241523DBAB5A0027C8BF /* ViewController.swift */ = {isa = PBXFileReference; lastKnownFileType = sourcecode.swift; path = ViewController.swift; sourceTree = "<group>"; };
		E277241D23DBAB5C0027C8BF /* Assets.xcassets */ = {isa = PBXFileReference; lastKnownFileType = folder.assetcatalog; path = Assets.xcassets; sourceTree = "<group>"; };
		E277242223DBAB5C0027C8BF /* Info.plist */ = {isa = PBXFileReference; lastKnownFileType = text.plist.xml; path = Info.plist; sourceTree = "<group>"; };
		E277242823DBB2320027C8BF /* productsTableViewController.swift */ = {isa = PBXFileReference; lastKnownFileType = sourcecode.swift; path = productsTableViewController.swift; sourceTree = "<group>"; };
		E277242A23DBB3380027C8BF /* products.swift */ = {isa = PBXFileReference; lastKnownFileType = sourcecode.swift; path = products.swift; sourceTree = "<group>"; };
		E277242C23DBBBC00027C8BF /* Main.storyboard */ = {isa = PBXFileReference; fileEncoding = 4; lastKnownFileType = file.storyboard; path = Main.storyboard; sourceTree = "<group>"; };
		E277242E23DBC45E0027C8BF /* LaunchScreen.storyboard */ = {isa = PBXFileReference; fileEncoding = 4; lastKnownFileType = file.storyboard; path = LaunchScreen.storyboard; sourceTree = "<group>"; };
		E277243423DBC8FF0027C8BF /* ProductManager.xcdatamodel */ = {isa = PBXFileReference; lastKnownFileType = wrapper.xcdatamodel; path = ProductManager.xcdatamodel; sourceTree = "<group>"; };
/* End PBXFileReference section */

/* Begin PBXFrameworksBuildPhase section */
		E277240B23DBAB5A0027C8BF /* Frameworks */ = {
			isa = PBXFrameworksBuildPhase;
			buildActionMask = 2147483647;
			files = (
			);
			runOnlyForDeploymentPostprocessing = 0;
		};
/* End PBXFrameworksBuildPhase section */

/* Begin PBXGroup section */
		E277240523DBAB5A0027C8BF = {
			isa = PBXGroup;
			children = (
				E277241023DBAB5A0027C8BF /* ProductManager */,
				E277240F23DBAB5A0027C8BF /* Products */,
			);
			sourceTree = "<group>";
		};
		E277240F23DBAB5A0027C8BF /* Products */ = {
			isa = PBXGroup;
			children = (
				E277240E23DBAB5A0027C8BF /* ProductManager.app */,
			);
			name = Products;
			sourceTree = "<group>";
		};
		E277241023DBAB5A0027C8BF /* ProductManager */ = {
			isa = PBXGroup;
			children = (
				E277241123DBAB5A0027C8BF /* AppDelegate.swift */,
				E277241323DBAB5A0027C8BF /* SceneDelegate.swift */,
				E277242823DBB2320027C8BF /* productsTableViewController.swift */,
				E277241523DBAB5A0027C8BF /* ViewController.swift */,
				E277242A23DBB3380027C8BF /* products.swift */,
				E277242E23DBC45E0027C8BF /* LaunchScreen.storyboard */,
				E277241D23DBAB5C0027C8BF /* Assets.xcassets */,
				E277242C23DBBBC00027C8BF /* Main.storyboard */,
				E277242223DBAB5C0027C8BF /* Info.plist */,
				E277243323DBC8FF0027C8BF /* ProductManager.xcdatamodeld */,
			);
			path = ProductManager;
			sourceTree = "<group>";
		};
/* End PBXGroup section */

/* Begin PBXNativeTarget section */
		E277240D23DBAB5A0027C8BF /* ProductManager */ = {
			isa = PBXNativeTarget;
			buildConfigurationList = E277242523DBAB5C0027C8BF /* Build configuration list for PBXNativeTarget "ProductManager" */;
			buildPhases = (
				E277240A23DBAB5A0027C8BF /* Sources */,
				E277240B23DBAB5A0027C8BF /* Frameworks */,
				E277240C23DBAB5A0027C8BF /* Resources */,
			);
			buildRules = (
			);
			dependencies = (
			);
			name = ProductManager;
			productName = ProductManager;
			productReference = E277240E23DBAB5A0027C8BF /* ProductManager.app */;
			productType = "com.apple.product-type.application";
		};
/* End PBXNativeTarget section */

/* Begin PBXProject section */
		E277240623DBAB5A0027C8BF /* Project object */ = {
			isa = PBXProject;
			attributes = {
				LastSwiftUpdateCheck = 1130;
				LastUpgradeCheck = 1130;
				ORGANIZATIONNAME = "Vivek Madishetty";
				TargetAttributes = {
					E277240D23DBAB5A0027C8BF = {
						CreatedOnToolsVersion = 11.3.1;
					};
				};
			};
			buildConfigurationList = E277240923DBAB5A0027C8BF /* Build configuration list for PBXProject "ProductManager" */;
			compatibilityVersion = "Xcode 9.3";
			developmentRegion = en;
			hasScannedForEncodings = 0;
			knownRegions = (
				en,
				Base,
			);
			mainGroup = E277240523DBAB5A0027C8BF;
			productRefGroup = E277240F23DBAB5A0027C8BF /* Products */;
			projectDirPath = "";
			projectRoot = "";
			targets = (
				E277240D23DBAB5A0027C8BF /* ProductManager */,
			);
		};
/* End PBXProject section */

/* Begin PBXResourcesBuildPhase section */
		E277240C23DBAB5A0027C8BF /* Resources */ = {
			isa = PBXResourcesBuildPhase;
			buildActionMask = 2147483647;
			files = (
				E277242F23DBC45E0027C8BF /* LaunchScreen.storyboard in Resources */,
				E277242D23DBBBC00027C8BF /* Main.storyboard in Resources */,
				E277241E23DBAB5C0027C8BF /* Assets.xcassets in Resources */,
			);
			runOnlyForDeploymentPostprocessing = 0;
		};
/* End PBXResourcesBuildPhase section */

/* Begin PBXSourcesBuildPhase section */
		E277240A23DBAB5A0027C8BF /* Sources */ = {
			isa = PBXSourcesBuildPhase;
			buildActionMask = 2147483647;
			files = (
				E277242923DBB2320027C8BF /* productsTableViewController.swift in Sources */,
				E277242B23DBB3380027C8BF /* products.swift in Sources */,
				E277241623DBAB5A0027C8BF /* ViewController.swift in Sources */,
				E277241223DBAB5A0027C8BF /* AppDelegate.swift in Sources */,
				E277241423DBAB5A0027C8BF /* SceneDelegate.swift in Sources */,
				E277243523DBC8FF0027C8BF /* ProductManager.xcdatamodeld in Sources */,
			);
			runOnlyForDeploymentPostprocessing = 0;
		};
/* End PBXSourcesBuildPhase section */

/* Begin XCBuildConfiguration section */
		E277242323DBAB5C0027C8BF /* Debug */ = {
			isa = XCBuildConfiguration;
			buildSettings = {
				ALWAYS_SEARCH_USER_PATHS = NO;
				CLANG_ANALYZER_NONNULL = YES;
				CLANG_ANALYZER_NUMBER_OBJECT_CONVERSION = YES_AGGRESSIVE;
				CLANG_CXX_LANGUAGE_STANDARD = "gnu++14";
				CLANG_CXX_LIBRARY = "libc++";
				CLANG_ENABLE_MODULES = YES;
				CLANG_ENABLE_OBJC_ARC = YES;
				CLANG_ENABLE_OBJC_WEAK = YES;
				CLANG_WARN_BLOCK_CAPTURE_AUTORELEASING = YES;
				CLANG_WARN_BOOL_CONVERSION = YES;
				CLANG_WARN_COMMA = YES;
				CLANG_WARN_CONSTANT_CONVERSION = YES;
				CLANG_WARN_DEPRECATED_OBJC_IMPLEMENTATIONS = YES;
				CLANG_WARN_DIRECT_OBJC_ISA_USAGE = YES_ERROR;
				CLANG_WARN_DOCUMENTATION_COMMENTS = YES;
				CLANG_WARN_EMPTY_BODY = YES;
				CLANG_WARN_ENUM_CONVERSION = YES;
				CLANG_WARN_INFINITE_RECURSION = YES;
				CLANG_WARN_INT_CONVERSION = YES;
				CLANG_WARN_NON_LITERAL_NULL_CONVERSION = YES;
				CLANG_WARN_OBJC_IMPLICIT_RETAIN_SELF = YES;
				CLANG_WARN_OBJC_LITERAL_CONVERSION = YES;
				CLANG_WARN_OBJC_ROOT_CLASS = YES_ERROR;
				CLANG_WARN_RANGE_LOOP_ANALYSIS = YES;
				CLANG_WARN_STRICT_PROTOTYPES = YES;
				CLANG_WARN_SUSPICIOUS_MOVE = YES;
				CLANG_WARN_UNGUARDED_AVAILABILITY = YES_AGGRESSIVE;
				CLANG_WARN_UNREACHABLE_CODE = YES;
				CLANG_WARN__DUPLICATE_METHOD_MATCH = YES;
				COPY_PHASE_STRIP = NO;
				DEBUG_INFORMATION_FORMAT = dwarf;
				ENABLE_STRICT_OBJC_MSGSEND = YES;
				ENABLE_TESTABILITY = YES;
				GCC_C_LANGUAGE_STANDARD = gnu11;
				GCC_DYNAMIC_NO_PIC = NO;
				GCC_NO_COMMON_BLOCKS = YES;
				GCC_OPTIMIZATION_LEVEL = 0;
				GCC_PREPROCESSOR_DEFINITIONS = (
					"DEBUG=1",
					"$(inherited)",
				);
				GCC_WARN_64_TO_32_BIT_CONVERSION = YES;
				GCC_WARN_ABOUT_RETURN_TYPE = YES_ERROR;
				GCC_WARN_UNDECLARED_SELECTOR = YES;
				GCC_WARN_UNINITIALIZED_AUTOS = YES_AGGRESSIVE;
				GCC_WARN_UNUSED_FUNCTION = YES;
				GCC_WARN_UNUSED_VARIABLE = YES;
				IPHONEOS_DEPLOYMENT_TARGET = 13.2;
				MTL_ENABLE_DEBUG_INFO = INCLUDE_SOURCE;
				MTL_FAST_MATH = YES;
				ONLY_ACTIVE_ARCH = YES;
				SDKROOT = iphoneos;
				SWIFT_ACTIVE_COMPILATION_CONDITIONS = DEBUG;
				SWIFT_OPTIMIZATION_LEVEL = "-Onone";
			};
			name = Debug;
		};
		E277242423DBAB5C0027C8BF /* Release */ = {
			isa = XCBuildConfiguration;
			buildSettings = {
				ALWAYS_SEARCH_USER_PATHS = NO;
				CLANG_ANALYZER_NONNULL = YES;
				CLANG_ANALYZER_NUMBER_OBJECT_CONVERSION = YES_AGGRESSIVE;
				CLANG_CXX_LANGUAGE_STANDARD = "gnu++14";
				CLANG_CXX_LIBRARY = "libc++";
				CLANG_ENABLE_MODULES = YES;
				CLANG_ENABLE_OBJC_ARC = YES;
				CLANG_ENABLE_OBJC_WEAK = YES;
				CLANG_WARN_BLOCK_CAPTURE_AUTORELEASING = YES;
				CLANG_WARN_BOOL_CONVERSION = YES;
				CLANG_WARN_COMMA = YES;
				CLANG_WARN_CONSTANT_CONVERSION = YES;
				CLANG_WARN_DEPRECATED_OBJC_IMPLEMENTATIONS = YES;
				CLANG_WARN_DIRECT_OBJC_ISA_USAGE = YES_ERROR;
				CLANG_WARN_DOCUMENTATION_COMMENTS = YES;
				CLANG_WARN_EMPTY_BODY = YES;
				CLANG_WARN_ENUM_CONVERSION = YES;
				CLANG_WARN_INFINITE_RECURSION = YES;
				CLANG_WARN_INT_CONVERSION = YES;
				CLANG_WARN_NON_LITERAL_NULL_CONVERSION = YES;
				CLANG_WARN_OBJC_IMPLICIT_RETAIN_SELF = YES;
				CLANG_WARN_OBJC_LITERAL_CONVERSION = YES;
				CLANG_WARN_OBJC_ROOT_CLASS = YES_ERROR;
				CLANG_WARN_RANGE_LOOP_ANALYSIS = YES;
				CLANG_WARN_STRICT_PROTOTYPES = YES;
				CLANG_WARN_SUSPICIOUS_MOVE = YES;
				CLANG_WARN_UNGUARDED_AVAILABILITY = YES_AGGRESSIVE;
				CLANG_WARN_UNREACHABLE_CODE = YES;
				CLANG_WARN__DUPLICATE_METHOD_MATCH = YES;
				COPY_PHASE_STRIP = NO;
				DEBUG_INFORMATION_FORMAT = "dwarf-with-dsym";
				ENABLE_NS_ASSERTIONS = NO;
				ENABLE_STRICT_OBJC_MSGSEND = YES;
				GCC_C_LANGUAGE_STANDARD = gnu11;
				GCC_NO_COMMON_BLOCKS = YES;
				GCC_WARN_64_TO_32_BIT_CONVERSION = YES;
				GCC_WARN_ABOUT_RETURN_TYPE = YES_ERROR;
				GCC_WARN_UNDECLARED_SELECTOR = YES;
				GCC_WARN_UNINITIALIZED_AUTOS = YES_AGGRESSIVE;
				GCC_WARN_UNUSED_FUNCTION = YES;
				GCC_WARN_UNUSED_VARIABLE = YES;
				IPHONEOS_DEPLOYMENT_TARGET = 13.2;
				MTL_ENABLE_DEBUG_INFO = NO;
				MTL_FAST_MATH = YES;
				SDKROOT = iphoneos;
				SWIFT_COMPILATION_MODE = wholemodule;
				SWIFT_OPTIMIZATION_LEVEL = "-O";
				VALIDATE_PRODUCT = YES;
			};
			name = Release;
		};
		E277242623DBAB5C0027C8BF /* Debug */ = {
			isa = XCBuildConfiguration;
			buildSettings = {
				ASSETCATALOG_COMPILER_APPICON_NAME = AppIcon;
				CODE_SIGN_STYLE = Automatic;
				INFOPLIST_FILE = ProductManager/Info.plist;
				LD_RUNPATH_SEARCH_PATHS = (
					"$(inherited)",
					"@executable_path/Frameworks",
				);
				PRODUCT_BUNDLE_IDENTIFIER = com.vivek.ProductManager;
				PRODUCT_NAME = "$(TARGET_NAME)";
				SWIFT_VERSION = 5.0;
				TARGETED_DEVICE_FAMILY = "1,2";
			};
			name = Debug;
		};
		E277242723DBAB5C0027C8BF /* Release */ = {
			isa = XCBuildConfiguration;
			buildSettings = {
				ASSETCATALOG_COMPILER_APPICON_NAME = AppIcon;
				CODE_SIGN_STYLE = Automatic;
				INFOPLIST_FILE = ProductManager/Info.plist;
				LD_RUNPATH_SEARCH_PATHS = (
					"$(inherited)",
					"@executable_path/Frameworks",
				);
				PRODUCT_BUNDLE_IDENTIFIER = com.vivek.ProductManager;
				PRODUCT_NAME = "$(TARGET_NAME)";
				SWIFT_VERSION = 5.0;
				TARGETED_DEVICE_FAMILY = "1,2";
			};
			name = Release;
		};
/* End XCBuildConfiguration section */

/* Begin XCConfigurationList section */
		E277240923DBAB5A0027C8BF /* Build configuration list for PBXProject "ProductManager" */ = {
			isa = XCConfigurationList;
			buildConfigurations = (
				E277242323DBAB5C0027C8BF /* Debug */,
				E277242423DBAB5C0027C8BF /* Release */,
			);
			defaultConfigurationIsVisible = 0;
			defaultConfigurationName = Release;
		};
		E277242523DBAB5C0027C8BF /* Build configuration list for PBXNativeTarget "ProductManager" */ = {
			isa = XCConfigurationList;
			buildConfigurations = (
				E277242623DBAB5C0027C8BF /* Debug */,
				E277242723DBAB5C0027C8BF /* Release */,
			);
			defaultConfigurationIsVisible = 0;
			defaultConfigurationName = Release;
		};
/* End XCConfigurationList section */

/* Begin XCVersionGroup section */
		E277243323DBC8FF0027C8BF /* ProductManager.xcdatamodeld */ = {
			isa = XCVersionGroup;
			children = (
				E277243423DBC8FF0027C8BF /* ProductManager.xcdatamodel */,
			);
			currentVersion = E277243423DBC8FF0027C8BF /* ProductManager.xcdatamodel */;
			path = ProductManager.xcdatamodeld;
			sourceTree = "<group>";
			versionGroupType = wrapper.xcdatamodel;
		};
/* End XCVersionGroup section */
	};
	rootObject = E277240623DBAB5A0027C8BF /* Project object */;
}
